// !$*UTF8*$!
{
	archiveVersion = 1;
	classes = {
	};
	objectVersion = 46;
	objects = {

/* Begin PBXBuildFile section */
		820356751F6BD71100865A8A /* AppDelegate.swift in Sources */ = {isa = PBXBuildFile; fileRef = 820356741F6BD71100865A8A /* AppDelegate.swift */; };
		820356771F6BD71100865A8A /* ViewController.swift in Sources */ = {isa = PBXBuildFile; fileRef = 820356761F6BD71100865A8A /* ViewController.swift */; };
		8203567A1F6BD71100865A8A /* Main.storyboard in Resources */ = {isa = PBXBuildFile; fileRef = 820356781F6BD71100865A8A /* Main.storyboard */; };
		8203567C1F6BD71100865A8A /* Assets.xcassets in Resources */ = {isa = PBXBuildFile; fileRef = 8203567B1F6BD71100865A8A /* Assets.xcassets */; };
		8203567F1F6BD71100865A8A /* LaunchScreen.storyboard in Resources */ = {isa = PBXBuildFile; fileRef = 8203567D1F6BD71100865A8A /* LaunchScreen.storyboard */; };
		820356871F6BD72D00865A8A /* NKScrollView.swift in Sources */ = {isa = PBXBuildFile; fileRef = 820356861F6BD72D00865A8A /* NKScrollView.swift */; };
/* End PBXBuildFile section */

/* Begin PBXFileReference section */
		820356711F6BD71100865A8A /* NKScrollView.app */ = {isa = PBXFileReference; explicitFileType = wrapper.application; includeInIndex = 0; path = NKScrollView.app; sourceTree = BUILT_PRODUCTS_DIR; };
		820356741F6BD71100865A8A /* AppDelegate.swift */ = {isa = PBXFileReference; lastKnownFileType = sourcecode.swift; path = AppDelegate.swift; sourceTree = "<group>"; };
		820356761F6BD71100865A8A /* ViewController.swift */ = {isa = PBXFileReference; lastKnownFileType = sourcecode.swift; path = ViewController.swift; sourceTree = "<group>"; };
		820356791F6BD71100865A8A /* Base */ = {isa = PBXFileReference; lastKnownFileType = file.storyboard; name = Base; path = Base.lproj/Main.storyboard; sourceTree = "<group>"; };
		8203567B1F6BD71100865A8A /* Assets.xcassets */ = {isa = PBXFileReference; lastKnownFileType = folder.assetcatalog; path = Assets.xcassets; sourceTree = "<group>"; };
		8203567E1F6BD71100865A8A /* Base */ = {isa = PBXFileReference; lastKnownFileType = file.storyboard; name = Base; path = Base.lproj/LaunchScreen.storyboard; sourceTree = "<group>"; };
		820356801F6BD71100865A8A /* Info.plist */ = {isa = PBXFileReference; lastKnownFileType = text.plist.xml; path = Info.plist; sourceTree = "<group>"; };
		820356861F6BD72D00865A8A /* NKScrollView.swift */ = {isa = PBXFileReference; fileEncoding = 4; lastKnownFileType = sourcecode.swift; path = NKScrollView.swift; sourceTree = "<group>"; };
/* End PBXFileReference section */

/* Begin PBXFrameworksBuildPhase section */
		8203566E1F6BD71100865A8A /* Frameworks */ = {
			isa = PBXFrameworksBuildPhase;
			buildActionMask = 2147483647;
			files = (
			);
			runOnlyForDeploymentPostprocessing = 0;
		};
/* End PBXFrameworksBuildPhase section */

/* Begin PBXGroup section */
		820356681F6BD71100865A8A = {
			isa = PBXGroup;
			children = (
				820356731F6BD71100865A8A /* NKScrollView */,
				820356721F6BD71100865A8A /* Products */,
			);
			sourceTree = "<group>";
		};
		820356721F6BD71100865A8A /* Products */ = {
			isa = PBXGroup;
			children = (
				820356711F6BD71100865A8A /* NKScrollView.app */,
			);
			name = Products;
			sourceTree = "<group>";
		};
		820356731F6BD71100865A8A /* NKScrollView */ = {
			isa = PBXGroup;
			children = (
				820356741F6BD71100865A8A /* AppDelegate.swift */,
				820356761F6BD71100865A8A /* ViewController.swift */,
				820356861F6BD72D00865A8A /* NKScrollView.swift */,
				820356781F6BD71100865A8A /* Main.storyboard */,
				8203567B1F6BD71100865A8A /* Assets.xcassets */,
				8203567D1F6BD71100865A8A /* LaunchScreen.storyboard */,
				820356801F6BD71100865A8A /* Info.plist */,
			);
			path = NKScrollView;
			sourceTree = "<group>";
		};
/* End PBXGroup section */

/* Begin PBXNativeTarget section */
		820356701F6BD71100865A8A /* NKScrollView */ = {
			isa = PBXNativeTarget;
			buildConfigurationList = 820356831F6BD71100865A8A /* Build configuration list for PBXNativeTarget "NKScrollView" */;
			buildPhases = (
				8203566D1F6BD71100865A8A /* Sources */,
				8203566E1F6BD71100865A8A /* Frameworks */,
				8203566F1F6BD71100865A8A /* Resources */,
			);
			buildRules = (
			);
			dependencies = (
			);
			name = NKScrollView;
			productName = NKScrollView;
			productReference = 820356711F6BD71100865A8A /* NKScrollView.app */;
			productType = "com.apple.product-type.application";
		};
/* End PBXNativeTarget section */

/* Begin PBXProject section */
		820356691F6BD71100865A8A /* Project object */ = {
			isa = PBXProject;
			attributes = {
				LastSwiftUpdateCheck = 0830;
				LastUpgradeCheck = 0830;
				ORGANIZATIONNAME = com.nk;
				TargetAttributes = {
					820356701F6BD71100865A8A = {
						CreatedOnToolsVersion = 8.3.3;
						ProvisioningStyle = Automatic;
					};
				};
			};
			buildConfigurationList = 8203566C1F6BD71100865A8A /* Build configuration list for PBXProject "NKScrollView" */;
			compatibilityVersion = "Xcode 3.2";
			developmentRegion = English;
			hasScannedForEncodings = 0;
			knownRegions = (
				en,
				Base,
			);
			mainGroup = 820356681F6BD71100865A8A;
			productRefGroup = 820356721F6BD71100865A8A /* Products */;
			projectDirPath = "";
			projectRoot = "";
			targets = (
				820356701F6BD71100865A8A /* NKScrollView */,
			);
		};
/* End PBXProject section */

/* Begin PBXResourcesBuildPhase section */
		8203566F1F6BD71100865A8A /* Resources */ = {
			isa = PBXResourcesBuildPhase;
			buildActionMask = 2147483647;
			files = (
				8203567F1F6BD71100865A8A /* LaunchScreen.storyboard in Resources */,
				8203567C1F6BD71100865A8A /* Assets.xcassets in Resources */,
				8203567A1F6BD71100865A8A /* Main.storyboard in Resources */,
			);
			runOnlyForDeploymentPostprocessing = 0;
		};
/* End PBXResourcesBuildPhase section */

/* Begin PBXSourcesBuildPhase section */
		8203566D1F6BD71100865A8A /* Sources */ = {
			isa = PBXSourcesBuildPhase;
			buildActionMask = 2147483647;
			files = (
				820356771F6BD71100865A8A /* ViewController.swift in Sources */,
				820356871F6BD72D00865A8A /* NKScrollView.swift in Sources */,
				820356751F6BD71100865A8A /* AppDelegate.swift in Sources */,
			);
			runOnlyForDeploymentPostprocessing = 0;
		};
/* End PBXSourcesBuildPhase section */

/* Begin PBXVariantGroup section */
		820356781F6BD71100865A8A /* Main.storyboard */ = {
			isa = PBXVariantGroup;
			children = (
				820356791F6BD71100865A8A /* Base */,
			);
			name = Main.storyboard;
			sourceTree = "<group>";
		};
		8203567D1F6BD71100865A8A /* LaunchScreen.storyboard */ = {
			isa = PBXVariantGroup;
			children = (
				8203567E1F6BD71100865A8A /* Base */,
			);
			name = LaunchScreen.storyboard;
			sourceTree = "<group>";
		};
/* End PBXVariantGroup section */

/* Begin XCBuildConfiguration section */
		820356811F6BD71100865A8A /* Debug */ = {
			isa = XCBuildConfiguration;
			buildSettings = {
				ALWAYS_SEARCH_USER_PATHS = NO;
				CLANG_ANALYZER_NONNULL = YES;
				CLANG_ANALYZER_NUMBER_OBJECT_CONVERSION = YES_AGGRESSIVE;
				CLANG_CXX_LANGUAGE_STANDARD = "gnu++0x";
				CLANG_CXX_LIBRARY = "libc++";
				CLANG_ENABLE_MODULES = YES;
				CLANG_ENABLE_OBJC_ARC = YES;
				CLANG_WARN_BOOL_CONVERSION = YES;
				CLANG_WARN_CONSTANT_CONVERSION = YES;
				CLANG_WARN_DIRECT_OBJC_ISA_USAGE = YES_ERROR;
				CLANG_WARN_DOCUMENTATION_COMMENTS = YES;
				CLANG_WARN_EMPTY_BODY = YES;
				CLANG_WARN_ENUM_CONVERSION = YES;
				CLANG_WARN_INFINITE_RECURSION = YES;
				CLANG_WARN_INT_CONVERSION = YES;
				CLANG_WARN_OBJC_ROOT_CLASS = YES_ERROR;
				CLANG_WARN_SUSPICIOUS_MOVE = YES;
				CLANG_WARN_UNREACHABLE_CODE = YES;
				CLANG_WARN__DUPLICATE_METHOD_MATCH = YES;
				"CODE_SIGN_IDENTITY[sdk=iphoneos*]" = "iPhone Developer";
				COPY_PHASE_STRIP = NO;
				DEBUG_INFORMATION_FORMAT = dwarf;
				ENABLE_STRICT_OBJC_MSGSEND = YES;
				ENABLE_TESTABILITY = YES;
				GCC_C_LANGUAGE_STANDARD = gnu99;
				GCC_DYNAMIC_NO_PIC = NO;
				GCC_NO_COMMON_BLOCKS = YES;
				GCC_OPTIMIZATION_LEVEL = 0;
				GCC_PREPROCESSOR_DEFINITIONS = (
					"DEBUG=1",
					"$(inherited)",
				);
				GCC_WARN_64_TO_32_BIT_CONVERSION = YES;
				GCC_WARN_ABOUT_RETURN_TYPE = YES_ERROR;
				GCC_WARN_UNDECLARED_SELECTOR = YES;
				GCC_WARN_UNINITIALIZED_AUTOS = YES_AGGRESSIVE;
				GCC_WARN_UNUSED_FUNCTION = YES;
				GCC_WARN_UNUSED_VARIABLE = YES;
				IPHONEOS_DEPLOYMENT_TARGET = 10.3;
				MTL_ENABLE_DEBUG_INFO = YES;
				ONLY_ACTIVE_ARCH = YES;
				SDKROOT = iphoneos;
				SWIFT_ACTIVE_COMPILATION_CONDITIONS = DEBUG;
				SWIFT_OPTIMIZATION_LEVEL = "-Onone";
				TARGETED_DEVICE_FAMILY = "1,2";
			};
			name = Debug;
		};
		820356821F6BD71100865A8A /* Release */ = {
			isa = XCBuildConfiguration;
			buildSettings = {
				ALWAYS_SEARCH_USER_PATHS = NO;
				CLANG_ANALYZER_NONNULL = YES;
				CLANG_ANALYZER_NUMBER_OBJECT_CONVERSION = YES_AGGRESSIVE;
				CLANG_CXX_LANGUAGE_STANDARD = "gnu++0x";
				CLANG_CXX_LIBRARY = "libc++";
				CLANG_ENABLE_MODULES = YES;
				CLANG_ENABLE_OBJC_ARC = YES;
				CLANG_WARN_BOOL_CONVERSION = YES;
				CLANG_WARN_CONSTANT_CONVERSION = YES;
				CLANG_WARN_DIRECT_OBJC_ISA_USAGE = YES_ERROR;
				CLANG_WARN_DOCUMENTATION_COMMENTS = YES;
				CLANG_WARN_EMPTY_BODY = YES;
				CLANG_WARN_ENUM_CONVERSION = YES;
				CLANG_WARN_INFINITE_RECURSION = YES;
				CLANG_WARN_INT_CONVERSION = YES;
				CLANG_WARN_OBJC_ROOT_CLASS = YES_ERROR;
				CLANG_WARN_SUSPICIOUS_MOVE = YES;
				CLANG_WARN_UNREACHABLE_CODE = YES;
				CLANG_WARN__DUPLICATE_METHOD_MATCH = YES;
				"CODE_SIGN_IDENTITY[sdk=iphoneos*]" = "iPhone Developer";
				COPY_PHASE_STRIP = NO;
				DEBUG_INFORMATION_FORMAT = "dwarf-with-dsym";
				ENABLE_NS_ASSERTIONS = NO;
				ENABLE_STRICT_OBJC_MSGSEND = YES;
				GCC_C_LANGUAGE_STANDARD = gnu99;
				GCC_NO_COMMON_BLOCKS = YES;
				GCC_WARN_64_TO_32_BIT_CONVERSION = YES;
				GCC_WARN_ABOUT_RETURN_TYPE = YES_ERROR;
				GCC_WARN_UNDECLARED_SELECTOR = YES;
				GCC_WARN_UNINITIALIZED_AUTOS = YES_AGGRESSIVE;
				GCC_WARN_UNUSED_FUNCTION = YES;
				GCC_WARN_UNUSED_VARIABLE = YES;
				IPHONEOS_DEPLOYMENT_TARGET = 10.3;
				MTL_ENABLE_DEBUG_INFO = NO;
				SDKROOT = iphoneos;
				SWIFT_OPTIMIZATION_LEVEL = "-Owholemodule";
				TARGETED_DEVICE_FAMILY = "1,2";
				VALIDATE_PRODUCT = YES;
			};
			name = Release;
		};
		820356841F6BD71100865A8A /* Debug */ = {
			isa = XCBuildConfiguration;
			buildSettings = {
				ASSETCATALOG_COMPILER_APPICON_NAME = AppIcon;
				INFOPLIST_FILE = NKScrollView/Info.plist;
				LD_RUNPATH_SEARCH_PATHS = "$(inherited) @executable_path/Frameworks";
				PRODUCT_BUNDLE_IDENTIFIER = com.nk.NKScrollView;
				PRODUCT_NAME = "$(TARGET_NAME)";
				SWIFT_VERSION = 3.0;
			};
			name = Debug;
		};
		820356851F6BD71100865A8A /* Release */ = {
			isa = XCBuildConfiguration;
			buildSettings = {
				ASSETCATALOG_COMPILER_APPICON_NAME = AppIcon;
				INFOPLIST_FILE = NKScrollView/Info.plist;
				LD_RUNPATH_SEARCH_PATHS = "$(inherited) @executable_path/Frameworks";
				PRODUCT_BUNDLE_IDENTIFIER = com.nk.NKScrollView;
				PRODUCT_NAME = "$(TARGET_NAME)";
				SWIFT_VERSION = 3.0;
			};
			name = Release;
		};
/* End XCBuildConfiguration section */

/* Begin XCConfigurationList section */
		8203566C1F6BD71100865A8A /* Build configuration list for PBXProject "NKScrollView" */ = {
			isa = XCConfigurationList;
			buildConfigurations = (
				820356811F6BD71100865A8A /* Debug */,
				820356821F6BD71100865A8A /* Release */,
			);
			defaultConfigurationIsVisible = 0;
			defaultConfigurationName = Release;
		};
		820356831F6BD71100865A8A /* Build configuration list for PBXNativeTarget "NKScrollView" */ = {
			isa = XCConfigurationList;
			buildConfigurations = (
				820356841F6BD71100865A8A /* Debug */,
				820356851F6BD71100865A8A /* Release */,
			);
			defaultConfigurationIsVisible = 0;
		};
/* End XCConfigurationList section */
	};
	rootObject = 820356691F6BD71100865A8A /* Project object */;
}
